// !$*UTF8*$!
{
	archiveVersion = 1;
	classes = {
	};
	objectVersion = 46;
	objects = {

/* Begin PBXBuildFile section */
		E30B17491C51F944002554AC /* NKBasic.m in Sources */ = {isa = PBXBuildFile; fileRef = E30B17481C51F944002554AC /* NKBasic.m */; };
		E30B174C1C51FC84002554AC /* NKDailyForecast.m in Sources */ = {isa = PBXBuildFile; fileRef = E30B174B1C51FC84002554AC /* NKDailyForecast.m */; };
		E30B174F1C5200B3002554AC /* NKHourlyForecast.m in Sources */ = {isa = PBXBuildFile; fileRef = E30B174E1C5200B3002554AC /* NKHourlyForecast.m */; };
		E30B17521C5201CA002554AC /* NKNow.m in Sources */ = {isa = PBXBuildFile; fileRef = E30B17511C5201CA002554AC /* NKNow.m */; };
		E30B17551C52033E002554AC /* NKSuggestion.m in Sources */ = {isa = PBXBuildFile; fileRef = E30B17541C52033E002554AC /* NKSuggestion.m */; };
		E30B17581C523373002554AC /* NKDataManager.m in Sources */ = {isa = PBXBuildFile; fileRef = E30B17571C523373002554AC /* NKDataManager.m */; };
		E30CD9101C4F1C930081C38A /* NKLocationManager.m in Sources */ = {isa = PBXBuildFile; fileRef = E30CD90F1C4F1C930081C38A /* NKLocationManager.m */; };
		E30CD9131C4F1C9A0081C38A /* NKNetworkManager.m in Sources */ = {isa = PBXBuildFile; fileRef = E30CD9121C4F1C9A0081C38A /* NKNetworkManager.m */; };
		E35291E51C4FA39F00A0B12E /* NKTitleView.m in Sources */ = {isa = PBXBuildFile; fileRef = E35291E41C4FA39F00A0B12E /* NKTitleView.m */; };
		E3A0B5961C4DE0C100A147D7 /* main.m in Sources */ = {isa = PBXBuildFile; fileRef = E3A0B5951C4DE0C100A147D7 /* main.m */; };
		E3A0B5991C4DE0C100A147D7 /* AppDelegate.m in Sources */ = {isa = PBXBuildFile; fileRef = E3A0B5981C4DE0C100A147D7 /* AppDelegate.m */; };
		E3A0B59F1C4DE0C100A147D7 /* Main.storyboard in Resources */ = {isa = PBXBuildFile; fileRef = E3A0B59D1C4DE0C100A147D7 /* Main.storyboard */; };
		E3A0B5A11C4DE0C100A147D7 /* Assets.xcassets in Resources */ = {isa = PBXBuildFile; fileRef = E3A0B5A01C4DE0C100A147D7 /* Assets.xcassets */; };
		E3A0B5A41C4DE0C100A147D7 /* LaunchScreen.storyboard in Resources */ = {isa = PBXBuildFile; fileRef = E3A0B5A21C4DE0C100A147D7 /* LaunchScreen.storyboard */; };
		E3A0B5AF1C4DE0C200A147D7 /* MyTQTWeatherTests.m in Sources */ = {isa = PBXBuildFile; fileRef = E3A0B5AE1C4DE0C200A147D7 /* MyTQTWeatherTests.m */; };
		E3A0B5BA1C4DE0C200A147D7 /* MyTQTWeatherUITests.m in Sources */ = {isa = PBXBuildFile; fileRef = E3A0B5B91C4DE0C200A147D7 /* MyTQTWeatherUITests.m */; };
		E3A0B5CB1C4DE20E00A147D7 /* jpg.bundle in Resources */ = {isa = PBXBuildFile; fileRef = E3A0B5CA1C4DE20E00A147D7 /* jpg.bundle */; };
		E3A0B5EB1C4DE6AA00A147D7 /* NKMainViewController.m in Sources */ = {isa = PBXBuildFile; fileRef = E3A0B5E41C4DE6AA00A147D7 /* NKMainViewController.m */; };
		E3A0B5EE1C4DE6F200A147D7 /* NKTabbar.m in Sources */ = {isa = PBXBuildFile; fileRef = E3A0B5ED1C4DE6F200A147D7 /* NKTabbar.m */; };
		E3A0B5F11C4DE71100A147D7 /* NKMeTableViewController.m in Sources */ = {isa = PBXBuildFile; fileRef = E3A0B5F01C4DE71100A147D7 /* NKMeTableViewController.m */; };
		E3A0B5F41C4DE73A00A147D7 /* NKLiveViewController.m in Sources */ = {isa = PBXBuildFile; fileRef = E3A0B5F31C4DE73A00A147D7 /* NKLiveViewController.m */; };
		E3A0B5F71C4DE74F00A147D7 /* NKLifeTableViewController.m in Sources */ = {isa = PBXBuildFile; fileRef = E3A0B5F61C4DE74F00A147D7 /* NKLifeTableViewController.m */; };
		E3A0B5FA1C4DE76A00A147D7 /* NKForecastViewController.m in Sources */ = {isa = PBXBuildFile; fileRef = E3A0B5F91C4DE76A00A147D7 /* NKForecastViewController.m */; };
		E3A0B5FC1C4DE79500A147D7 /* Controller.json in Resources */ = {isa = PBXBuildFile; fileRef = E3A0B5FB1C4DE79500A147D7 /* Controller.json */; };
		E3A0B5FF1C4E026300A147D7 /* NKTabBarButtonView.m in Sources */ = {isa = PBXBuildFile; fileRef = E3A0B5FE1C4E026300A147D7 /* NKTabBarButtonView.m */; };
		E3A0B6021C4E052200A147D7 /* UILabel+NKCreate.m in Sources */ = {isa = PBXBuildFile; fileRef = E3A0B6011C4E052200A147D7 /* UILabel+NKCreate.m */; };
		E3A0B6051C4E084800A147D7 /* UIView+Extension.m in Sources */ = {isa = PBXBuildFile; fileRef = E3A0B6041C4E084800A147D7 /* UIView+Extension.m */; };
		E3A0B60C1C4E510000A147D7 /* NSDate+NKCompare.m in Sources */ = {isa = PBXBuildFile; fileRef = E3A0B6091C4E510000A147D7 /* NSDate+NKCompare.m */; };
		E3A0B60D1C4E510000A147D7 /* UIImage+NKTile.m in Sources */ = {isa = PBXBuildFile; fileRef = E3A0B60B1C4E510000A147D7 /* UIImage+NKTile.m */; };
		E3A0B6161C4E705100A147D7 /* NKCollectionViewCell.m in Sources */ = {isa = PBXBuildFile; fileRef = E3A0B6151C4E705100A147D7 /* NKCollectionViewCell.m */; };
		E3A0B6191C4E733800A147D7 /* NKCityForecastFrame.m in Sources */ = {isa = PBXBuildFile; fileRef = E3A0B6181C4E733800A147D7 /* NKCityForecastFrame.m */; };
		E3A0B61C1C4E7F0200A147D7 /* NKNavigationController.m in Sources */ = {isa = PBXBuildFile; fileRef = E3A0B61B1C4E7F0200A147D7 /* NKNavigationController.m */; };
		E3A0B61F1C4E961F00A147D7 /* NKVoiceButton.m in Sources */ = {isa = PBXBuildFile; fileRef = E3A0B61E1C4E961F00A147D7 /* NKVoiceButton.m */; };
		E3A0B6221C4E96D000A147D7 /* NKSharedButton.m in Sources */ = {isa = PBXBuildFile; fileRef = E3A0B6211C4E96D000A147D7 /* NKSharedButton.m */; };
		E3A0B6251C4E9A5500A147D7 /* NKCurrentDayInfoView.m in Sources */ = {isa = PBXBuildFile; fileRef = E3A0B6241C4E9A5500A147D7 /* NKCurrentDayInfoView.m */; };
		E3A0B6281C4E9C6400A147D7 /* NKCurrentDayInfoFrame.m in Sources */ = {isa = PBXBuildFile; fileRef = E3A0B6271C4E9C6400A147D7 /* NKCurrentDayInfoFrame.m */; };
		E3A0B62B1C4E9F1D00A147D7 /* NKDailyOverviewView.m in Sources */ = {isa = PBXBuildFile; fileRef = E3A0B62A1C4E9F1D00A147D7 /* NKDailyOverviewView.m */; };
		E3A0B62E1C4E9F2E00A147D7 /* NKDailyDetailView.m in Sources */ = {isa = PBXBuildFile; fileRef = E3A0B62D1C4E9F2E00A147D7 /* NKDailyDetailView.m */; };
		E3A0B6311C4E9F6C00A147D7 /* NKSuggestionView.m in Sources */ = {isa = PBXBuildFile; fileRef = E3A0B6301C4E9F6C00A147D7 /* NKSuggestionView.m */; };
		E3AE74D21C51CDED008E9963 /* NKWeather.m in Sources */ = {isa = PBXBuildFile; fileRef = E3AE74D11C51CDED008E9963 /* NKWeather.m */; };
		E3AE74DE1C51F2F9008E9963 /* NKAqi.m in Sources */ = {isa = PBXBuildFile; fileRef = E3AE74DD1C51F2F9008E9963 /* NKAqi.m */; };
		E3AE74E11C51F329008E9963 /* NKCity.m in Sources */ = {isa = PBXBuildFile; fileRef = E3AE74E01C51F329008E9963 /* NKCity.m */; };
		FC65ED5E3B682136CAE2B893 /* Pods.framework in Frameworks */ = {isa = PBXBuildFile; fileRef = 7B60A6FC75D18F99F3F742C4 /* Pods.framework */; };
/* End PBXBuildFile section */

/* Begin PBXContainerItemProxy section */
		E3A0B5AB1C4DE0C200A147D7 /* PBXContainerItemProxy */ = {
			isa = PBXContainerItemProxy;
			containerPortal = E3A0B5891C4DE0C100A147D7 /* Project object */;
			proxyType = 1;
			remoteGlobalIDString = E3A0B5901C4DE0C100A147D7;
			remoteInfo = MyTQTWeather;
		};
		E3A0B5B61C4DE0C200A147D7 /* PBXContainerItemProxy */ = {
			isa = PBXContainerItemProxy;
			containerPortal = E3A0B5891C4DE0C100A147D7 /* Project object */;
			proxyType = 1;
			remoteGlobalIDString = E3A0B5901C4DE0C100A147D7;
			remoteInfo = MyTQTWeather;
		};
/* End PBXContainerItemProxy section */

/* Begin PBXFileReference section */
		797DE2CD8586550B4382E95C /* Pods.release.xcconfig */ = {isa = PBXFileReference; includeInIndex = 1; lastKnownFileType = text.xcconfig; name = Pods.release.xcconfig; path = "Pods/Target Support Files/Pods/Pods.release.xcconfig"; sourceTree = "<group>"; };
		7B60A6FC75D18F99F3F742C4 /* Pods.framework */ = {isa = PBXFileReference; explicitFileType = wrapper.framework; includeInIndex = 0; path = Pods.framework; sourceTree = BUILT_PRODUCTS_DIR; };
		E30B17471C51F944002554AC /* NKBasic.h */ = {isa = PBXFileReference; fileEncoding = 4; lastKnownFileType = sourcecode.c.h; path = NKBasic.h; sourceTree = "<group>"; };
		E30B17481C51F944002554AC /* NKBasic.m */ = {isa = PBXFileReference; fileEncoding = 4; lastKnownFileType = sourcecode.c.objc; path = NKBasic.m; sourceTree = "<group>"; };
		E30B174A1C51FC84002554AC /* NKDailyForecast.h */ = {isa = PBXFileReference; fileEncoding = 4; lastKnownFileType = sourcecode.c.h; path = NKDailyForecast.h; sourceTree = "<group>"; };
		E30B174B1C51FC84002554AC /* NKDailyForecast.m */ = {isa = PBXFileReference; fileEncoding = 4; lastKnownFileType = sourcecode.c.objc; path = NKDailyForecast.m; sourceTree = "<group>"; };
		E30B174D1C5200B3002554AC /* NKHourlyForecast.h */ = {isa = PBXFileReference; fileEncoding = 4; lastKnownFileType = sourcecode.c.h; path = NKHourlyForecast.h; sourceTree = "<group>"; };
		E30B174E1C5200B3002554AC /* NKHourlyForecast.m */ = {isa = PBXFileReference; fileEncoding = 4; lastKnownFileType = sourcecode.c.objc; path = NKHourlyForecast.m; sourceTree = "<group>"; };
		E30B17501C5201CA002554AC /* NKNow.h */ = {isa = PBXFileReference; fileEncoding = 4; lastKnownFileType = sourcecode.c.h; path = NKNow.h; sourceTree = "<group>"; };
		E30B17511C5201CA002554AC /* NKNow.m */ = {isa = PBXFileReference; fileEncoding = 4; lastKnownFileType = sourcecode.c.objc; path = NKNow.m; sourceTree = "<group>"; };
		E30B17531C52033E002554AC /* NKSuggestion.h */ = {isa = PBXFileReference; fileEncoding = 4; lastKnownFileType = sourcecode.c.h; path = NKSuggestion.h; sourceTree = "<group>"; };
		E30B17541C52033E002554AC /* NKSuggestion.m */ = {isa = PBXFileReference; fileEncoding = 4; lastKnownFileType = sourcecode.c.objc; path = NKSuggestion.m; sourceTree = "<group>"; };
		E30B17561C523373002554AC /* NKDataManager.h */ = {isa = PBXFileReference; fileEncoding = 4; lastKnownFileType = sourcecode.c.h; path = NKDataManager.h; sourceTree = "<group>"; };
		E30B17571C523373002554AC /* NKDataManager.m */ = {isa = PBXFileReference; fileEncoding = 4; lastKnownFileType = sourcecode.c.objc; path = NKDataManager.m; sourceTree = "<group>"; };
		E30CD90E1C4F1C930081C38A /* NKLocationManager.h */ = {isa = PBXFileReference; fileEncoding = 4; lastKnownFileType = sourcecode.c.h; path = NKLocationManager.h; sourceTree = "<group>"; };
		E30CD90F1C4F1C930081C38A /* NKLocationManager.m */ = {isa = PBXFileReference; fileEncoding = 4; lastKnownFileType = sourcecode.c.objc; path = NKLocationManager.m; sourceTree = "<group>"; };
		E30CD9111C4F1C9A0081C38A /* NKNetworkManager.h */ = {isa = PBXFileReference; fileEncoding = 4; lastKnownFileType = sourcecode.c.h; path = NKNetworkManager.h; sourceTree = "<group>"; };
		E30CD9121C4F1C9A0081C38A /* NKNetworkManager.m */ = {isa = PBXFileReference; fileEncoding = 4; lastKnownFileType = sourcecode.c.objc; path = NKNetworkManager.m; sourceTree = "<group>"; };
		E35291E31C4FA39F00A0B12E /* NKTitleView.h */ = {isa = PBXFileReference; fileEncoding = 4; lastKnownFileType = sourcecode.c.h; path = NKTitleView.h; sourceTree = "<group>"; };
		E35291E41C4FA39F00A0B12E /* NKTitleView.m */ = {isa = PBXFileReference; fileEncoding = 4; lastKnownFileType = sourcecode.c.objc; path = NKTitleView.m; sourceTree = "<group>"; };
		E3A0B5911C4DE0C100A147D7 /* MyTQTWeather.app */ = {isa = PBXFileReference; explicitFileType = wrapper.application; includeInIndex = 0; path = MyTQTWeather.app; sourceTree = BUILT_PRODUCTS_DIR; };
		E3A0B5951C4DE0C100A147D7 /* main.m */ = {isa = PBXFileReference; lastKnownFileType = sourcecode.c.objc; path = main.m; sourceTree = "<group>"; };
		E3A0B5971C4DE0C100A147D7 /* AppDelegate.h */ = {isa = PBXFileReference; lastKnownFileType = sourcecode.c.h; name = AppDelegate.h; path = ../AppDelegate.h; sourceTree = "<group>"; };
		E3A0B5981C4DE0C100A147D7 /* AppDelegate.m */ = {isa = PBXFileReference; lastKnownFileType = sourcecode.c.objc; name = AppDelegate.m; path = ../AppDelegate.m; sourceTree = "<group>"; };
		E3A0B59E1C4DE0C100A147D7 /* Base */ = {isa = PBXFileReference; lastKnownFileType = file.storyboard; name = Base; path = Base.lproj/Main.storyboard; sourceTree = "<group>"; };
		E3A0B5A01C4DE0C100A147D7 /* Assets.xcassets */ = {isa = PBXFileReference; lastKnownFileType = folder.assetcatalog; name = Assets.xcassets; path = ../Assets.xcassets; sourceTree = "<group>"; };
		E3A0B5A31C4DE0C100A147D7 /* Base */ = {isa = PBXFileReference; lastKnownFileType = file.storyboard; name = Base; path = Base.lproj/LaunchScreen.storyboard; sourceTree = "<group>"; };
		E3A0B5A51C4DE0C100A147D7 /* Info.plist */ = {isa = PBXFileReference; lastKnownFileType = text.plist.xml; path = Info.plist; sourceTree = "<group>"; };
		E3A0B5AA1C4DE0C200A147D7 /* MyTQTWeatherTests.xctest */ = {isa = PBXFileReference; explicitFileType = wrapper.cfbundle; includeInIndex = 0; path = MyTQTWeatherTests.xctest; sourceTree = BUILT_PRODUCTS_DIR; };
		E3A0B5AE1C4DE0C200A147D7 /* MyTQTWeatherTests.m */ = {isa = PBXFileReference; lastKnownFileType = sourcecode.c.objc; path = MyTQTWeatherTests.m; sourceTree = "<group>"; };
		E3A0B5B01C4DE0C200A147D7 /* Info.plist */ = {isa = PBXFileReference; lastKnownFileType = text.plist.xml; path = Info.plist; sourceTree = "<group>"; };
		E3A0B5B51C4DE0C200A147D7 /* MyTQTWeatherUITests.xctest */ = {isa = PBXFileReference; explicitFileType = wrapper.cfbundle; includeInIndex = 0; path = MyTQTWeatherUITests.xctest; sourceTree = BUILT_PRODUCTS_DIR; };
		E3A0B5B91C4DE0C200A147D7 /* MyTQTWeatherUITests.m */ = {isa = PBXFileReference; lastKnownFileType = sourcecode.c.objc; path = MyTQTWeatherUITests.m; sourceTree = "<group>"; };
		E3A0B5BB1C4DE0C200A147D7 /* Info.plist */ = {isa = PBXFileReference; lastKnownFileType = text.plist.xml; path = Info.plist; sourceTree = "<group>"; };
		E3A0B5CA1C4DE20E00A147D7 /* jpg.bundle */ = {isa = PBXFileReference; lastKnownFileType = "wrapper.plug-in"; path = jpg.bundle; sourceTree = "<group>"; };
		E3A0B5E31C4DE6AA00A147D7 /* NKMainViewController.h */ = {isa = PBXFileReference; fileEncoding = 4; lastKnownFileType = sourcecode.c.h; path = NKMainViewController.h; sourceTree = "<group>"; };
		E3A0B5E41C4DE6AA00A147D7 /* NKMainViewController.m */ = {isa = PBXFileReference; fileEncoding = 4; lastKnownFileType = sourcecode.c.objc; path = NKMainViewController.m; sourceTree = "<group>"; };
		E3A0B5EC1C4DE6F200A147D7 /* NKTabbar.h */ = {isa = PBXFileReference; fileEncoding = 4; lastKnownFileType = sourcecode.c.h; path = NKTabbar.h; sourceTree = "<group>"; };
		E3A0B5ED1C4DE6F200A147D7 /* NKTabbar.m */ = {isa = PBXFileReference; fileEncoding = 4; lastKnownFileType = sourcecode.c.objc; path = NKTabbar.m; sourceTree = "<group>"; };
		E3A0B5EF1C4DE71100A147D7 /* NKMeTableViewController.h */ = {isa = PBXFileReference; fileEncoding = 4; lastKnownFileType = sourcecode.c.h; path = NKMeTableViewController.h; sourceTree = "<group>"; };
		E3A0B5F01C4DE71100A147D7 /* NKMeTableViewController.m */ = {isa = PBXFileReference; fileEncoding = 4; lastKnownFileType = sourcecode.c.objc; path = NKMeTableViewController.m; sourceTree = "<group>"; };
		E3A0B5F21C4DE73A00A147D7 /* NKLiveViewController.h */ = {isa = PBXFileReference; fileEncoding = 4; lastKnownFileType = sourcecode.c.h; path = NKLiveViewController.h; sourceTree = "<group>"; };
		E3A0B5F31C4DE73A00A147D7 /* NKLiveViewController.m */ = {isa = PBXFileReference; fileEncoding = 4; lastKnownFileType = sourcecode.c.objc; path = NKLiveViewController.m; sourceTree = "<group>"; };
		E3A0B5F51C4DE74F00A147D7 /* NKLifeTableViewController.h */ = {isa = PBXFileReference; fileEncoding = 4; lastKnownFileType = sourcecode.c.h; path = NKLifeTableViewController.h; sourceTree = "<group>"; };
		E3A0B5F61C4DE74F00A147D7 /* NKLifeTableViewController.m */ = {isa = PBXFileReference; fileEncoding = 4; lastKnownFileType = sourcecode.c.objc; path = NKLifeTableViewController.m; sourceTree = "<group>"; };
		E3A0B5F81C4DE76A00A147D7 /* NKForecastViewController.h */ = {isa = PBXFileReference; fileEncoding = 4; lastKnownFileType = sourcecode.c.h; path = NKForecastViewController.h; sourceTree = "<group>"; };
		E3A0B5F91C4DE76A00A147D7 /* NKForecastViewController.m */ = {isa = PBXFileReference; fileEncoding = 4; lastKnownFileType = sourcecode.c.objc; path = NKForecastViewController.m; sourceTree = "<group>"; };
		E3A0B5FB1C4DE79500A147D7 /* Controller.json */ = {isa = PBXFileReference; fileEncoding = 4; lastKnownFileType = text.json; path = Controller.json; sourceTree = "<group>"; };
		E3A0B5FD1C4E026300A147D7 /* NKTabBarButtonView.h */ = {isa = PBXFileReference; fileEncoding = 4; lastKnownFileType = sourcecode.c.h; path = NKTabBarButtonView.h; sourceTree = "<group>"; };
		E3A0B5FE1C4E026300A147D7 /* NKTabBarButtonView.m */ = {isa = PBXFileReference; fileEncoding = 4; lastKnownFileType = sourcecode.c.objc; path = NKTabBarButtonView.m; sourceTree = "<group>"; };
		E3A0B6001C4E052200A147D7 /* UILabel+NKCreate.h */ = {isa = PBXFileReference; fileEncoding = 4; lastKnownFileType = sourcecode.c.h; path = "UILabel+NKCreate.h"; sourceTree = "<group>"; };
		E3A0B6011C4E052200A147D7 /* UILabel+NKCreate.m */ = {isa = PBXFileReference; fileEncoding = 4; lastKnownFileType = sourcecode.c.objc; path = "UILabel+NKCreate.m"; sourceTree = "<group>"; };
		E3A0B6031C4E084800A147D7 /* UIView+Extension.h */ = {isa = PBXFileReference; fileEncoding = 4; lastKnownFileType = sourcecode.c.h; path = "UIView+Extension.h"; sourceTree = "<group>"; };
		E3A0B6041C4E084800A147D7 /* UIView+Extension.m */ = {isa = PBXFileReference; fileEncoding = 4; lastKnownFileType = sourcecode.c.objc; path = "UIView+Extension.m"; sourceTree = "<group>"; };
		E3A0B6061C4E087800A147D7 /* MyTQTWeather.pch */ = {isa = PBXFileReference; lastKnownFileType = sourcecode.c.h; path = MyTQTWeather.pch; sourceTree = "<group>"; };
		E3A0B6071C4E088E00A147D7 /* NKCategory.h */ = {isa = PBXFileReference; lastKnownFileType = sourcecode.c.h; path = NKCategory.h; sourceTree = "<group>"; };
		E3A0B6081C4E510000A147D7 /* NSDate+NKCompare.h */ = {isa = PBXFileReference; fileEncoding = 4; lastKnownFileType = sourcecode.c.h; path = "NSDate+NKCompare.h"; sourceTree = "<group>"; };
		E3A0B6091C4E510000A147D7 /* NSDate+NKCompare.m */ = {isa = PBXFileReference; fileEncoding = 4; lastKnownFileType = sourcecode.c.objc; path = "NSDate+NKCompare.m"; sourceTree = "<group>"; };
		E3A0B60A1C4E510000A147D7 /* UIImage+NKTile.h */ = {isa = PBXFileReference; fileEncoding = 4; lastKnownFileType = sourcecode.c.h; path = "UIImage+NKTile.h"; sourceTree = "<group>"; };
		E3A0B60B1C4E510000A147D7 /* UIImage+NKTile.m */ = {isa = PBXFileReference; fileEncoding = 4; lastKnownFileType = sourcecode.c.objc; path = "UIImage+NKTile.m"; sourceTree = "<group>"; };
		E3A0B6141C4E705100A147D7 /* NKCollectionViewCell.h */ = {isa = PBXFileReference; fileEncoding = 4; lastKnownFileType = sourcecode.c.h; path = NKCollectionViewCell.h; sourceTree = "<group>"; };
		E3A0B6151C4E705100A147D7 /* NKCollectionViewCell.m */ = {isa = PBXFileReference; fileEncoding = 4; lastKnownFileType = sourcecode.c.objc; path = NKCollectionViewCell.m; sourceTree = "<group>"; };
		E3A0B6171C4E733800A147D7 /* NKCityForecastFrame.h */ = {isa = PBXFileReference; fileEncoding = 4; lastKnownFileType = sourcecode.c.h; path = NKCityForecastFrame.h; sourceTree = "<group>"; };
		E3A0B6181C4E733800A147D7 /* NKCityForecastFrame.m */ = {isa = PBXFileReference; fileEncoding = 4; lastKnownFileType = sourcecode.c.objc; path = NKCityForecastFrame.m; sourceTree = "<group>"; };
		E3A0B61A1C4E7F0200A147D7 /* NKNavigationController.h */ = {isa = PBXFileReference; fileEncoding = 4; lastKnownFileType = sourcecode.c.h; path = NKNavigationController.h; sourceTree = "<group>"; };
		E3A0B61B1C4E7F0200A147D7 /* NKNavigationController.m */ = {isa = PBXFileReference; fileEncoding = 4; lastKnownFileType = sourcecode.c.objc; path = NKNavigationController.m; sourceTree = "<group>"; };
		E3A0B61D1C4E961F00A147D7 /* NKVoiceButton.h */ = {isa = PBXFileReference; fileEncoding = 4; lastKnownFileType = sourcecode.c.h; path = NKVoiceButton.h; sourceTree = "<group>"; };
		E3A0B61E1C4E961F00A147D7 /* NKVoiceButton.m */ = {isa = PBXFileReference; fileEncoding = 4; lastKnownFileType = sourcecode.c.objc; path = NKVoiceButton.m; sourceTree = "<group>"; };
		E3A0B6201C4E96D000A147D7 /* NKSharedButton.h */ = {isa = PBXFileReference; fileEncoding = 4; lastKnownFileType = sourcecode.c.h; path = NKSharedButton.h; sourceTree = "<group>"; };
		E3A0B6211C4E96D000A147D7 /* NKSharedButton.m */ = {isa = PBXFileReference; fileEncoding = 4; lastKnownFileType = sourcecode.c.objc; path = NKSharedButton.m; sourceTree = "<group>"; };
		E3A0B6231C4E9A5500A147D7 /* NKCurrentDayInfoView.h */ = {isa = PBXFileReference; fileEncoding = 4; lastKnownFileType = sourcecode.c.h; path = NKCurrentDayInfoView.h; sourceTree = "<group>"; };
		E3A0B6241C4E9A5500A147D7 /* NKCurrentDayInfoView.m */ = {isa = PBXFileReference; fileEncoding = 4; lastKnownFileType = sourcecode.c.objc; path = NKCurrentDayInfoView.m; sourceTree = "<group>"; };
		E3A0B6261C4E9C6400A147D7 /* NKCurrentDayInfoFrame.h */ = {isa = PBXFileReference; fileEncoding = 4; lastKnownFileType = sourcecode.c.h; path = NKCurrentDayInfoFrame.h; sourceTree = "<group>"; };
		E3A0B6271C4E9C6400A147D7 /* NKCurrentDayInfoFrame.m */ = {isa = PBXFileReference; fileEncoding = 4; lastKnownFileType = sourcecode.c.objc; path = NKCurrentDayInfoFrame.m; sourceTree = "<group>"; };
		E3A0B6291C4E9F1D00A147D7 /* NKDailyOverviewView.h */ = {isa = PBXFileReference; fileEncoding = 4; lastKnownFileType = sourcecode.c.h; path = NKDailyOverviewView.h; sourceTree = "<group>"; };
		E3A0B62A1C4E9F1D00A147D7 /* NKDailyOverviewView.m */ = {isa = PBXFileReference; fileEncoding = 4; lastKnownFileType = sourcecode.c.objc; path = NKDailyOverviewView.m; sourceTree = "<group>"; };
		E3A0B62C1C4E9F2E00A147D7 /* NKDailyDetailView.h */ = {isa = PBXFileReference; fileEncoding = 4; lastKnownFileType = sourcecode.c.h; path = NKDailyDetailView.h; sourceTree = "<group>"; };
		E3A0B62D1C4E9F2E00A147D7 /* NKDailyDetailView.m */ = {isa = PBXFileReference; fileEncoding = 4; lastKnownFileType = sourcecode.c.objc; path = NKDailyDetailView.m; sourceTree = "<group>"; };
		E3A0B62F1C4E9F6C00A147D7 /* NKSuggestionView.h */ = {isa = PBXFileReference; fileEncoding = 4; lastKnownFileType = sourcecode.c.h; path = NKSuggestionView.h; sourceTree = "<group>"; };
		E3A0B6301C4E9F6C00A147D7 /* NKSuggestionView.m */ = {isa = PBXFileReference; fileEncoding = 4; lastKnownFileType = sourcecode.c.objc; path = NKSuggestionView.m; sourceTree = "<group>"; };
		E3AE74D01C51CDED008E9963 /* NKWeather.h */ = {isa = PBXFileReference; fileEncoding = 4; lastKnownFileType = sourcecode.c.h; name = NKWeather.h; path = ../NKWeather.h; sourceTree = "<group>"; };
		E3AE74D11C51CDED008E9963 /* NKWeather.m */ = {isa = PBXFileReference; fileEncoding = 4; lastKnownFileType = sourcecode.c.objc; name = NKWeather.m; path = ../NKWeather.m; sourceTree = "<group>"; };
		E3AE74DC1C51F2F9008E9963 /* NKAqi.h */ = {isa = PBXFileReference; fileEncoding = 4; lastKnownFileType = sourcecode.c.h; path = NKAqi.h; sourceTree = "<group>"; };
		E3AE74DD1C51F2F9008E9963 /* NKAqi.m */ = {isa = PBXFileReference; fileEncoding = 4; lastKnownFileType = sourcecode.c.objc; path = NKAqi.m; sourceTree = "<group>"; };
		E3AE74DF1C51F329008E9963 /* NKCity.h */ = {isa = PBXFileReference; fileEncoding = 4; lastKnownFileType = sourcecode.c.h; path = NKCity.h; sourceTree = "<group>"; };
		E3AE74E01C51F329008E9963 /* NKCity.m */ = {isa = PBXFileReference; fileEncoding = 4; lastKnownFileType = sourcecode.c.objc; path = NKCity.m; sourceTree = "<group>"; };
		FE130C8C63EA21C7222D69F7 /* Pods.debug.xcconfig */ = {isa = PBXFileReference; includeInIndex = 1; lastKnownFileType = text.xcconfig; name = Pods.debug.xcconfig; path = "Pods/Target Support Files/Pods/Pods.debug.xcconfig"; sourceTree = "<group>"; };
/* End PBXFileReference section */

/* Begin PBXFrameworksBuildPhase section */
		E3A0B58E1C4DE0C100A147D7 /* Frameworks */ = {
			isa = PBXFrameworksBuildPhase;
			buildActionMask = 2147483647;
			files = (
				FC65ED5E3B682136CAE2B893 /* Pods.framework in Frameworks */,
			);
			runOnlyForDeploymentPostprocessing = 0;
		};
		E3A0B5A71C4DE0C200A147D7 /* Frameworks */ = {
			isa = PBXFrameworksBuildPhase;
			buildActionMask = 2147483647;
			files = (
			);
			runOnlyForDeploymentPostprocessing = 0;
		};
		E3A0B5B21C4DE0C200A147D7 /* Frameworks */ = {
			isa = PBXFrameworksBuildPhase;
			buildActionMask = 2147483647;
			files = (
			);
			runOnlyForDeploymentPostprocessing = 0;
		};
/* End PBXFrameworksBuildPhase section */

/* Begin PBXGroup section */
		768B804F2CE8BA393D1F4EC1 /* Frameworks */ = {
			isa = PBXGroup;
			children = (
				7B60A6FC75D18F99F3F742C4 /* Pods.framework */,
			);
			name = Frameworks;
			sourceTree = "<group>";
		};
		7901205169269E8D71401554 /* Pods */ = {
			isa = PBXGroup;
			children = (
				FE130C8C63EA21C7222D69F7 /* Pods.debug.xcconfig */,
				797DE2CD8586550B4382E95C /* Pods.release.xcconfig */,
			);
			name = Pods;
			sourceTree = "<group>";
		};
		E35291891C4F4A6C00A0B12E /* forecast */ = {
			isa = PBXGroup;
			children = (
				E3A0B6231C4E9A5500A147D7 /* NKCurrentDayInfoView.h */,
				E3A0B6241C4E9A5500A147D7 /* NKCurrentDayInfoView.m */,
				E3A0B6291C4E9F1D00A147D7 /* NKDailyOverviewView.h */,
				E3A0B62A1C4E9F1D00A147D7 /* NKDailyOverviewView.m */,
				E3A0B62C1C4E9F2E00A147D7 /* NKDailyDetailView.h */,
				E3A0B62D1C4E9F2E00A147D7 /* NKDailyDetailView.m */,
				E3A0B62F1C4E9F6C00A147D7 /* NKSuggestionView.h */,
				E3A0B6301C4E9F6C00A147D7 /* NKSuggestionView.m */,
			);
			name = forecast;
			sourceTree = "<group>";
		};
		E3A0B5881C4DE0C100A147D7 = {
			isa = PBXGroup;
			children = (
				E3A0B5931C4DE0C100A147D7 /* MyTQTWeather */,
				E3A0B5AD1C4DE0C200A147D7 /* MyTQTWeatherTests */,
				E3A0B5B81C4DE0C200A147D7 /* MyTQTWeatherUITests */,
				E3A0B5921C4DE0C100A147D7 /* Products */,
				7901205169269E8D71401554 /* Pods */,
				768B804F2CE8BA393D1F4EC1 /* Frameworks */,
			);
			sourceTree = "<group>";
		};
		E3A0B5921C4DE0C100A147D7 /* Products */ = {
			isa = PBXGroup;
			children = (
				E3A0B5911C4DE0C100A147D7 /* MyTQTWeather.app */,
				E3A0B5AA1C4DE0C200A147D7 /* MyTQTWeatherTests.xctest */,
				E3A0B5B51C4DE0C200A147D7 /* MyTQTWeatherUITests.xctest */,
			);
			name = Products;
			sourceTree = "<group>";
		};
		E3A0B5931C4DE0C100A147D7 /* MyTQTWeather */ = {
			isa = PBXGroup;
			children = (
				E3A0B5D11C4DE3C600A147D7 /* Other */,
				E3A0B5CF1C4DE3B900A147D7 /* Tool */,
				E3A0B5CC1C4DE3B900A147D7 /* Category */,
				E3A0B5D51C4DE6AA00A147D7 /* Forecast */,
				E3A0B5D91C4DE6AA00A147D7 /* Life */,
				E3A0B5DD1C4DE6AA00A147D7 /* Live */,
				E3A0B5E71C4DE6AA00A147D7 /* Me */,
				E3A0B5E11C4DE6AA00A147D7 /* Main */,
				E3A0B5C91C4DE20E00A147D7 /* Resource */,
				E3A0B5941C4DE0C100A147D7 /* Supporting Files */,
			);
			path = MyTQTWeather;
			sourceTree = "<group>";
		};
		E3A0B5941C4DE0C100A147D7 /* Supporting Files */ = {
			isa = PBXGroup;
			children = (
				E3A0B59D1C4DE0C100A147D7 /* Main.storyboard */,
				E3A0B5A21C4DE0C100A147D7 /* LaunchScreen.storyboard */,
				E3A0B5A51C4DE0C100A147D7 /* Info.plist */,
				E3A0B5951C4DE0C100A147D7 /* main.m */,
				E3A0B6061C4E087800A147D7 /* MyTQTWeather.pch */,
			);
			name = "Supporting Files";
			sourceTree = "<group>";
		};
		E3A0B5AD1C4DE0C200A147D7 /* MyTQTWeatherTests */ = {
			isa = PBXGroup;
			children = (
				E3A0B5AE1C4DE0C200A147D7 /* MyTQTWeatherTests.m */,
				E3A0B5B01C4DE0C200A147D7 /* Info.plist */,
			);
			path = MyTQTWeatherTests;
			sourceTree = "<group>";
		};
		E3A0B5B81C4DE0C200A147D7 /* MyTQTWeatherUITests */ = {
			isa = PBXGroup;
			children = (
				E3A0B5B91C4DE0C200A147D7 /* MyTQTWeatherUITests.m */,
				E3A0B5BB1C4DE0C200A147D7 /* Info.plist */,
			);
			path = MyTQTWeatherUITests;
			sourceTree = "<group>";
		};
		E3A0B5C91C4DE20E00A147D7 /* Resource */ = {
			isa = PBXGroup;
			children = (
				E3A0B5A01C4DE0C100A147D7 /* Assets.xcassets */,
				E3A0B5CA1C4DE20E00A147D7 /* jpg.bundle */,
			);
			path = Resource;
			sourceTree = "<group>";
		};
		E3A0B5CC1C4DE3B900A147D7 /* Category */ = {
			isa = PBXGroup;
			children = (
				E3A0B6071C4E088E00A147D7 /* NKCategory.h */,
				E3A0B6031C4E084800A147D7 /* UIView+Extension.h */,
				E3A0B6041C4E084800A147D7 /* UIView+Extension.m */,
				E3A0B6001C4E052200A147D7 /* UILabel+NKCreate.h */,
				E3A0B6011C4E052200A147D7 /* UILabel+NKCreate.m */,
				E3A0B6081C4E510000A147D7 /* NSDate+NKCompare.h */,
				E3A0B6091C4E510000A147D7 /* NSDate+NKCompare.m */,
				E3A0B60A1C4E510000A147D7 /* UIImage+NKTile.h */,
				E3A0B60B1C4E510000A147D7 /* UIImage+NKTile.m */,
			);
			path = Category;
			sourceTree = "<group>";
		};
		E3A0B5CF1C4DE3B900A147D7 /* Tool */ = {
			isa = PBXGroup;
			children = (
				E30CD9111C4F1C9A0081C38A /* NKNetworkManager.h */,
				E30CD9121C4F1C9A0081C38A /* NKNetworkManager.m */,
				E30CD90E1C4F1C930081C38A /* NKLocationManager.h */,
				E30CD90F1C4F1C930081C38A /* NKLocationManager.m */,
				E30B17561C523373002554AC /* NKDataManager.h */,
				E30B17571C523373002554AC /* NKDataManager.m */,
			);
			path = Tool;
			sourceTree = "<group>";
		};
		E3A0B5D11C4DE3C600A147D7 /* Other */ = {
			isa = PBXGroup;
			children = (
				E3A0B5971C4DE0C100A147D7 /* AppDelegate.h */,
				E3A0B5981C4DE0C100A147D7 /* AppDelegate.m */,
			);
			path = Other;
			sourceTree = "<group>";
		};
		E3A0B5D51C4DE6AA00A147D7 /* Forecast */ = {
			isa = PBXGroup;
			children = (
				E3A0B5D61C4DE6AA00A147D7 /* Controller */,
				E3A0B5D71C4DE6AA00A147D7 /* Model */,
				E3A0B5D81C4DE6AA00A147D7 /* View */,
			);
			path = Forecast;
			sourceTree = "<group>";
		};
		E3A0B5D61C4DE6AA00A147D7 /* Controller */ = {
			isa = PBXGroup;
			children = (
				E3A0B5F81C4DE76A00A147D7 /* NKForecastViewController.h */,
				E3A0B5F91C4DE76A00A147D7 /* NKForecastViewController.m */,
			);
			path = Controller;
			sourceTree = "<group>";
		};
		E3A0B5D71C4DE6AA00A147D7 /* Model */ = {
			isa = PBXGroup;
			children = (
				E3A0B6171C4E733800A147D7 /* NKCityForecastFrame.h */,
				E3A0B6181C4E733800A147D7 /* NKCityForecastFrame.m */,
				E3A0B6261C4E9C6400A147D7 /* NKCurrentDayInfoFrame.h */,
				E3A0B6271C4E9C6400A147D7 /* NKCurrentDayInfoFrame.m */,
				E3AE74DB1C51F0CE008E9963 /* WeatherModel */,
			);
			path = Model;
			sourceTree = "<group>";
		};
		E3A0B5D81C4DE6AA00A147D7 /* View */ = {
			isa = PBXGroup;
			children = (
				E3A0B6141C4E705100A147D7 /* NKCollectionViewCell.h */,
				E3A0B6151C4E705100A147D7 /* NKCollectionViewCell.m */,
				E3A0B61D1C4E961F00A147D7 /* NKVoiceButton.h */,
				E3A0B61E1C4E961F00A147D7 /* NKVoiceButton.m */,
				E3A0B6201C4E96D000A147D7 /* NKSharedButton.h */,
				E3A0B6211C4E96D000A147D7 /* NKSharedButton.m */,
				E35291E31C4FA39F00A0B12E /* NKTitleView.h */,
				E35291E41C4FA39F00A0B12E /* NKTitleView.m */,
				E35291891C4F4A6C00A0B12E /* forecast */,
			);
			path = View;
			sourceTree = "<group>";
		};
		E3A0B5D91C4DE6AA00A147D7 /* Life */ = {
			isa = PBXGroup;
			children = (
				E3A0B5DA1C4DE6AA00A147D7 /* Controller */,
				E3A0B5DB1C4DE6AA00A147D7 /* Model */,
				E3A0B5DC1C4DE6AA00A147D7 /* View */,
			);
			path = Life;
			sourceTree = "<group>";
		};
		E3A0B5DA1C4DE6AA00A147D7 /* Controller */ = {
			isa = PBXGroup;
			children = (
				E3A0B5F51C4DE74F00A147D7 /* NKLifeTableViewController.h */,
				E3A0B5F61C4DE74F00A147D7 /* NKLifeTableViewController.m */,
			);
			path = Controller;
			sourceTree = "<group>";
		};
		E3A0B5DB1C4DE6AA00A147D7 /* Model */ = {
			isa = PBXGroup;
			children = (
			);
			path = Model;
			sourceTree = "<group>";
		};
		E3A0B5DC1C4DE6AA00A147D7 /* View */ = {
			isa = PBXGroup;
			children = (
			);
			path = View;
			sourceTree = "<group>";
		};
		E3A0B5DD1C4DE6AA00A147D7 /* Live */ = {
			isa = PBXGroup;
			children = (
				E3A0B5DE1C4DE6AA00A147D7 /* Controller */,
				E3A0B5DF1C4DE6AA00A147D7 /* Model */,
				E3A0B5E01C4DE6AA00A147D7 /* View */,
			);
			path = Live;
			sourceTree = "<group>";
		};
		E3A0B5DE1C4DE6AA00A147D7 /* Controller */ = {
			isa = PBXGroup;
			children = (
				E3A0B5F21C4DE73A00A147D7 /* NKLiveViewController.h */,
				E3A0B5F31C4DE73A00A147D7 /* NKLiveViewController.m */,
			);
			path = Controller;
			sourceTree = "<group>";
		};
		E3A0B5DF1C4DE6AA00A147D7 /* Model */ = {
			isa = PBXGroup;
			children = (
			);
			path = Model;
			sourceTree = "<group>";
		};
		E3A0B5E01C4DE6AA00A147D7 /* View */ = {
			isa = PBXGroup;
			children = (
			);
			path = View;
			sourceTree = "<group>";
		};
		E3A0B5E11C4DE6AA00A147D7 /* Main */ = {
			isa = PBXGroup;
			children = (
				E3A0B5E21C4DE6AA00A147D7 /* Controller */,
				E3A0B5E51C4DE6AA00A147D7 /* Model */,
				E3A0B5E61C4DE6AA00A147D7 /* View */,
			);
			path = Main;
			sourceTree = "<group>";
		};
		E3A0B5E21C4DE6AA00A147D7 /* Controller */ = {
			isa = PBXGroup;
			children = (
				E3A0B5E31C4DE6AA00A147D7 /* NKMainViewController.h */,
				E3A0B5E41C4DE6AA00A147D7 /* NKMainViewController.m */,
				E3A0B61A1C4E7F0200A147D7 /* NKNavigationController.h */,
				E3A0B61B1C4E7F0200A147D7 /* NKNavigationController.m */,
			);
			path = Controller;
			sourceTree = "<group>";
		};
		E3A0B5E51C4DE6AA00A147D7 /* Model */ = {
			isa = PBXGroup;
			children = (
				E3A0B5FB1C4DE79500A147D7 /* Controller.json */,
			);
			path = Model;
			sourceTree = "<group>";
		};
		E3A0B5E61C4DE6AA00A147D7 /* View */ = {
			isa = PBXGroup;
			children = (
				E3A0B5EC1C4DE6F200A147D7 /* NKTabbar.h */,
				E3A0B5ED1C4DE6F200A147D7 /* NKTabbar.m */,
				E3A0B5FD1C4E026300A147D7 /* NKTabBarButtonView.h */,
				E3A0B5FE1C4E026300A147D7 /* NKTabBarButtonView.m */,
			);
			path = View;
			sourceTree = "<group>";
		};
		E3A0B5E71C4DE6AA00A147D7 /* Me */ = {
			isa = PBXGroup;
			children = (
				E3A0B5E81C4DE6AA00A147D7 /* Controller */,
				E3A0B5E91C4DE6AA00A147D7 /* Model */,
				E3A0B5EA1C4DE6AA00A147D7 /* View */,
			);
			path = Me;
			sourceTree = "<group>";
		};
		E3A0B5E81C4DE6AA00A147D7 /* Controller */ = {
			isa = PBXGroup;
			children = (
				E3A0B5EF1C4DE71100A147D7 /* NKMeTableViewController.h */,
				E3A0B5F01C4DE71100A147D7 /* NKMeTableViewController.m */,
			);
			path = Controller;
			sourceTree = "<group>";
		};
		E3A0B5E91C4DE6AA00A147D7 /* Model */ = {
			isa = PBXGroup;
			children = (
			);
			path = Model;
			sourceTree = "<group>";
		};
		E3A0B5EA1C4DE6AA00A147D7 /* View */ = {
			isa = PBXGroup;
			children = (
			);
			path = View;
			sourceTree = "<group>";
		};
		E3AE74DB1C51F0CE008E9963 /* WeatherModel */ = {
			isa = PBXGroup;
			children = (
				E3AE74D01C51CDED008E9963 /* NKWeather.h */,
				E3AE74D11C51CDED008E9963 /* NKWeather.m */,
				E3AE74DC1C51F2F9008E9963 /* NKAqi.h */,
				E3AE74DD1C51F2F9008E9963 /* NKAqi.m */,
				E3AE74DF1C51F329008E9963 /* NKCity.h */,
				E3AE74E01C51F329008E9963 /* NKCity.m */,
				E30B17471C51F944002554AC /* NKBasic.h */,
				E30B17481C51F944002554AC /* NKBasic.m */,
				E30B174A1C51FC84002554AC /* NKDailyForecast.h */,
				E30B174B1C51FC84002554AC /* NKDailyForecast.m */,
				E30B174D1C5200B3002554AC /* NKHourlyForecast.h */,
				E30B174E1C5200B3002554AC /* NKHourlyForecast.m */,
				E30B17501C5201CA002554AC /* NKNow.h */,
				E30B17511C5201CA002554AC /* NKNow.m */,
				E30B17531C52033E002554AC /* NKSuggestion.h */,
				E30B17541C52033E002554AC /* NKSuggestion.m */,
			);
			name = WeatherModel;
			path = WeatherFrame;
			sourceTree = "<group>";
		};
/* End PBXGroup section */

/* Begin PBXNativeTarget section */
		E3A0B5901C4DE0C100A147D7 /* MyTQTWeather */ = {
			isa = PBXNativeTarget;
			buildConfigurationList = E3A0B5BE1C4DE0C200A147D7 /* Build configuration list for PBXNativeTarget "MyTQTWeather" */;
			buildPhases = (
				0AE82040D93CBA5AF65C014C /* Check Pods Manifest.lock */,
				E3A0B58D1C4DE0C100A147D7 /* Sources */,
				E3A0B58E1C4DE0C100A147D7 /* Frameworks */,
				E3A0B58F1C4DE0C100A147D7 /* Resources */,
				E01F3151785388D17ED23DDF /* Embed Pods Frameworks */,
				453AFE8FAB805375E0302964 /* Copy Pods Resources */,
			);
			buildRules = (
			);
			dependencies = (
			);
			name = MyTQTWeather;
			productName = MyTQTWeather;
			productReference = E3A0B5911C4DE0C100A147D7 /* MyTQTWeather.app */;
			productType = "com.apple.product-type.application";
		};
		E3A0B5A91C4DE0C200A147D7 /* MyTQTWeatherTests */ = {
			isa = PBXNativeTarget;
			buildConfigurationList = E3A0B5C11C4DE0C200A147D7 /* Build configuration list for PBXNativeTarget "MyTQTWeatherTests" */;
			buildPhases = (
				E3A0B5A61C4DE0C200A147D7 /* Sources */,
				E3A0B5A71C4DE0C200A147D7 /* Frameworks */,
				E3A0B5A81C4DE0C200A147D7 /* Resources */,
			);
			buildRules = (
			);
			dependencies = (
				E3A0B5AC1C4DE0C200A147D7 /* PBXTargetDependency */,
			);
			name = MyTQTWeatherTests;
			productName = MyTQTWeatherTests;
			productReference = E3A0B5AA1C4DE0C200A147D7 /* MyTQTWeatherTests.xctest */;
			productType = "com.apple.product-type.bundle.unit-test";
		};
		E3A0B5B41C4DE0C200A147D7 /* MyTQTWeatherUITests */ = {
			isa = PBXNativeTarget;
			buildConfigurationList = E3A0B5C41C4DE0C200A147D7 /* Build configuration list for PBXNativeTarget "MyTQTWeatherUITests" */;
			buildPhases = (
				E3A0B5B11C4DE0C200A147D7 /* Sources */,
				E3A0B5B21C4DE0C200A147D7 /* Frameworks */,
				E3A0B5B31C4DE0C200A147D7 /* Resources */,
			);
			buildRules = (
			);
			dependencies = (
				E3A0B5B71C4DE0C200A147D7 /* PBXTargetDependency */,
			);
			name = MyTQTWeatherUITests;
			productName = MyTQTWeatherUITests;
			productReference = E3A0B5B51C4DE0C200A147D7 /* MyTQTWeatherUITests.xctest */;
			productType = "com.apple.product-type.bundle.ui-testing";
		};
/* End PBXNativeTarget section */

/* Begin PBXProject section */
		E3A0B5891C4DE0C100A147D7 /* Project object */ = {
			isa = PBXProject;
			attributes = {
				CLASSPREFIX = NK;
				LastUpgradeCheck = 0720;
				ORGANIZATIONNAME = Nick;
				TargetAttributes = {
					E3A0B5901C4DE0C100A147D7 = {
						CreatedOnToolsVersion = 7.2;
						DevelopmentTeam = RWY2VMRV7D;
					};
					E3A0B5A91C4DE0C200A147D7 = {
						CreatedOnToolsVersion = 7.2;
						DevelopmentTeam = RWY2VMRV7D;
						TestTargetID = E3A0B5901C4DE0C100A147D7;
					};
					E3A0B5B41C4DE0C200A147D7 = {
						CreatedOnToolsVersion = 7.2;
						DevelopmentTeam = RWY2VMRV7D;
						TestTargetID = E3A0B5901C4DE0C100A147D7;
					};
				};
			};
			buildConfigurationList = E3A0B58C1C4DE0C100A147D7 /* Build configuration list for PBXProject "MyTQTWeather" */;
			compatibilityVersion = "Xcode 3.2";
			developmentRegion = English;
			hasScannedForEncodings = 0;
			knownRegions = (
				en,
				Base,
			);
			mainGroup = E3A0B5881C4DE0C100A147D7;
			productRefGroup = E3A0B5921C4DE0C100A147D7 /* Products */;
			projectDirPath = "";
			projectRoot = "";
			targets = (
				E3A0B5901C4DE0C100A147D7 /* MyTQTWeather */,
				E3A0B5A91C4DE0C200A147D7 /* MyTQTWeatherTests */,
				E3A0B5B41C4DE0C200A147D7 /* MyTQTWeatherUITests */,
			);
		};
/* End PBXProject section */

/* Begin PBXResourcesBuildPhase section */
		E3A0B58F1C4DE0C100A147D7 /* Resources */ = {
			isa = PBXResourcesBuildPhase;
			buildActionMask = 2147483647;
			files = (
				E3A0B5FC1C4DE79500A147D7 /* Controller.json in Resources */,
				E3A0B5A41C4DE0C100A147D7 /* LaunchScreen.storyboard in Resources */,
				E3A0B5A11C4DE0C100A147D7 /* Assets.xcassets in Resources */,
				E3A0B5CB1C4DE20E00A147D7 /* jpg.bundle in Resources */,
				E3A0B59F1C4DE0C100A147D7 /* Main.storyboard in Resources */,
			);
			runOnlyForDeploymentPostprocessing = 0;
		};
		E3A0B5A81C4DE0C200A147D7 /* Resources */ = {
			isa = PBXResourcesBuildPhase;
			buildActionMask = 2147483647;
			files = (
			);
			runOnlyForDeploymentPostprocessing = 0;
		};
		E3A0B5B31C4DE0C200A147D7 /* Resources */ = {
			isa = PBXResourcesBuildPhase;
			buildActionMask = 2147483647;
			files = (
			);
			runOnlyForDeploymentPostprocessing = 0;
		};
/* End PBXResourcesBuildPhase section */

/* Begin PBXShellScriptBuildPhase section */
		0AE82040D93CBA5AF65C014C /* Check Pods Manifest.lock */ = {
			isa = PBXShellScriptBuildPhase;
			buildActionMask = 2147483647;
			files = (
			);
			inputPaths = (
			);
			name = "Check Pods Manifest.lock";
			outputPaths = (
			);
			runOnlyForDeploymentPostprocessing = 0;
			shellPath = /bin/sh;
			shellScript = "diff \"${PODS_ROOT}/../Podfile.lock\" \"${PODS_ROOT}/Manifest.lock\" > /dev/null\nif [[ $? != 0 ]] ; then\n    cat << EOM\nerror: The sandbox is not in sync with the Podfile.lock. Run 'pod install' or update your CocoaPods installation.\nEOM\n    exit 1\nfi\n";
			showEnvVarsInLog = 0;
		};
		453AFE8FAB805375E0302964 /* Copy Pods Resources */ = {
			isa = PBXShellScriptBuildPhase;
			buildActionMask = 2147483647;
			files = (
			);
			inputPaths = (
			);
			name = "Copy Pods Resources";
			outputPaths = (
			);
			runOnlyForDeploymentPostprocessing = 0;
			shellPath = /bin/sh;
			shellScript = "\"${SRCROOT}/Pods/Target Support Files/Pods/Pods-resources.sh\"\n";
			showEnvVarsInLog = 0;
		};
		E01F3151785388D17ED23DDF /* Embed Pods Frameworks */ = {
			isa = PBXShellScriptBuildPhase;
			buildActionMask = 2147483647;
			files = (
			);
			inputPaths = (
			);
			name = "Embed Pods Frameworks";
			outputPaths = (
			);
			runOnlyForDeploymentPostprocessing = 0;
			shellPath = /bin/sh;
			shellScript = "\"${SRCROOT}/Pods/Target Support Files/Pods/Pods-frameworks.sh\"\n";
			showEnvVarsInLog = 0;
		};
/* End PBXShellScriptBuildPhase section */

/* Begin PBXSourcesBuildPhase section */
		E3A0B58D1C4DE0C100A147D7 /* Sources */ = {
			isa = PBXSourcesBuildPhase;
			buildActionMask = 2147483647;
			files = (
				E3A0B61C1C4E7F0200A147D7 /* NKNavigationController.m in Sources */,
				E30B17521C5201CA002554AC /* NKNow.m in Sources */,
				E30B17581C523373002554AC /* NKDataManager.m in Sources */,
				E3A0B6191C4E733800A147D7 /* NKCityForecastFrame.m in Sources */,
				E3A0B62E1C4E9F2E00A147D7 /* NKDailyDetailView.m in Sources */,
				E3A0B6251C4E9A5500A147D7 /* NKCurrentDayInfoView.m in Sources */,
				E3A0B6311C4E9F6C00A147D7 /* NKSuggestionView.m in Sources */,
				E3A0B5F11C4DE71100A147D7 /* NKMeTableViewController.m in Sources */,
				E3A0B5FA1C4DE76A00A147D7 /* NKForecastViewController.m in Sources */,
				E3A0B6051C4E084800A147D7 /* UIView+Extension.m in Sources */,
				E35291E51C4FA39F00A0B12E /* NKTitleView.m in Sources */,
				E3A0B5991C4DE0C100A147D7 /* AppDelegate.m in Sources */,
				E3A0B6281C4E9C6400A147D7 /* NKCurrentDayInfoFrame.m in Sources */,
				E30B17551C52033E002554AC /* NKSuggestion.m in Sources */,
				E3A0B5F71C4DE74F00A147D7 /* NKLifeTableViewController.m in Sources */,
				E3AE74DE1C51F2F9008E9963 /* NKAqi.m in Sources */,
				E30CD9131C4F1C9A0081C38A /* NKNetworkManager.m in Sources */,
				E30B174C1C51FC84002554AC /* NKDailyForecast.m in Sources */,
				E3AE74E11C51F329008E9963 /* NKCity.m in Sources */,
				E30CD9101C4F1C930081C38A /* NKLocationManager.m in Sources */,
				E3A0B5FF1C4E026300A147D7 /* NKTabBarButtonView.m in Sources */,
				E3A0B5961C4DE0C100A147D7 /* main.m in Sources */,
				E3A0B6161C4E705100A147D7 /* NKCollectionViewCell.m in Sources */,
				E3A0B60C1C4E510000A147D7 /* NSDate+NKCompare.m in Sources */,
				E30B17491C51F944002554AC /* NKBasic.m in Sources */,
				E3AE74D21C51CDED008E9963 /* NKWeather.m in Sources */,
				E30B174F1C5200B3002554AC /* NKHourlyForecast.m in Sources */,
				E3A0B5EE1C4DE6F200A147D7 /* NKTabbar.m in Sources */,
				E3A0B61F1C4E961F00A147D7 /* NKVoiceButton.m in Sources */,
				E3A0B5EB1C4DE6AA00A147D7 /* NKMainViewController.m in Sources */,
				E3A0B62B1C4E9F1D00A147D7 /* NKDailyOverviewView.m in Sources */,
				E3A0B5F41C4DE73A00A147D7 /* NKLiveViewController.m in Sources */,
				E3A0B6221C4E96D000A147D7 /* NKSharedButton.m in Sources */,
				E3A0B6021C4E052200A147D7 /* UILabel+NKCreate.m in Sources */,
				E3A0B60D1C4E510000A147D7 /* UIImage+NKTile.m in Sources */,
			);
			runOnlyForDeploymentPostprocessing = 0;
		};
		E3A0B5A61C4DE0C200A147D7 /* Sources */ = {
			isa = PBXSourcesBuildPhase;
			buildActionMask = 2147483647;
			files = (
				E3A0B5AF1C4DE0C200A147D7 /* MyTQTWeatherTests.m in Sources */,
			);
			runOnlyForDeploymentPostprocessing = 0;
		};
		E3A0B5B11C4DE0C200A147D7 /* Sources */ = {
			isa = PBXSourcesBuildPhase;
			buildActionMask = 2147483647;
			files = (
				E3A0B5BA1C4DE0C200A147D7 /* MyTQTWeatherUITests.m in Sources */,
			);
			runOnlyForDeploymentPostprocessing = 0;
		};
/* End PBXSourcesBuildPhase section */

/* Begin PBXTargetDependency section */
		E3A0B5AC1C4DE0C200A147D7 /* PBXTargetDependency */ = {
			isa = PBXTargetDependency;
			target = E3A0B5901C4DE0C100A147D7 /* MyTQTWeather */;
			targetProxy = E3A0B5AB1C4DE0C200A147D7 /* PBXContainerItemProxy */;
		};
		E3A0B5B71C4DE0C200A147D7 /* PBXTargetDependency */ = {
			isa = PBXTargetDependency;
			target = E3A0B5901C4DE0C100A147D7 /* MyTQTWeather */;
			targetProxy = E3A0B5B61C4DE0C200A147D7 /* PBXContainerItemProxy */;
		};
/* End PBXTargetDependency section */

/* Begin PBXVariantGroup section */
		E3A0B59D1C4DE0C100A147D7 /* Main.storyboard */ = {
			isa = PBXVariantGroup;
			children = (
				E3A0B59E1C4DE0C100A147D7 /* Base */,
			);
			name = Main.storyboard;
			sourceTree = "<group>";
		};
		E3A0B5A21C4DE0C100A147D7 /* LaunchScreen.storyboard */ = {
			isa = PBXVariantGroup;
			children = (
				E3A0B5A31C4DE0C100A147D7 /* Base */,
			);
			name = LaunchScreen.storyboard;
			sourceTree = "<group>";
		};
/* End PBXVariantGroup section */

/* Begin XCBuildConfiguration section */
		E3A0B5BC1C4DE0C200A147D7 /* Debug */ = {
			isa = XCBuildConfiguration;
			buildSettings = {
				ALWAYS_SEARCH_USER_PATHS = NO;
				CLANG_CXX_LANGUAGE_STANDARD = "gnu++0x";
				CLANG_CXX_LIBRARY = "libc++";
				CLANG_ENABLE_MODULES = YES;
				CLANG_ENABLE_OBJC_ARC = YES;
				CLANG_WARN_BOOL_CONVERSION = YES;
				CLANG_WARN_CONSTANT_CONVERSION = YES;
				CLANG_WARN_DIRECT_OBJC_ISA_USAGE = YES_ERROR;
				CLANG_WARN_EMPTY_BODY = YES;
				CLANG_WARN_ENUM_CONVERSION = YES;
				CLANG_WARN_INT_CONVERSION = YES;
				CLANG_WARN_OBJC_ROOT_CLASS = YES_ERROR;
				CLANG_WARN_UNREACHABLE_CODE = YES;
				CLANG_WARN__DUPLICATE_METHOD_MATCH = YES;
				"CODE_SIGN_IDENTITY[sdk=iphoneos*]" = "iPhone Developer";
				COPY_PHASE_STRIP = NO;
				DEBUG_INFORMATION_FORMAT = dwarf;
				ENABLE_STRICT_OBJC_MSGSEND = YES;
				ENABLE_TESTABILITY = YES;
				GCC_C_LANGUAGE_STANDARD = gnu99;
				GCC_DYNAMIC_NO_PIC = NO;
				GCC_NO_COMMON_BLOCKS = YES;
				GCC_OPTIMIZATION_LEVEL = 0;
				GCC_PREPROCESSOR_DEFINITIONS = (
					"DEBUG=1",
					"$(inherited)",
				);
				GCC_WARN_64_TO_32_BIT_CONVERSION = YES;
				GCC_WARN_ABOUT_RETURN_TYPE = YES_ERROR;
				GCC_WARN_UNDECLARED_SELECTOR = YES;
				GCC_WARN_UNINITIALIZED_AUTOS = YES_AGGRESSIVE;
				GCC_WARN_UNUSED_FUNCTION = YES;
				GCC_WARN_UNUSED_VARIABLE = YES;
				IPHONEOS_DEPLOYMENT_TARGET = 8.0;
				MTL_ENABLE_DEBUG_INFO = YES;
				ONLY_ACTIVE_ARCH = YES;
				SDKROOT = iphoneos;
			};
			name = Debug;
		};
		E3A0B5BD1C4DE0C200A147D7 /* Release */ = {
			isa = XCBuildConfiguration;
			buildSettings = {
				ALWAYS_SEARCH_USER_PATHS = NO;
				CLANG_CXX_LANGUAGE_STANDARD = "gnu++0x";
				CLANG_CXX_LIBRARY = "libc++";
				CLANG_ENABLE_MODULES = YES;
				CLANG_ENABLE_OBJC_ARC = YES;
				CLANG_WARN_BOOL_CONVERSION = YES;
				CLANG_WARN_CONSTANT_CONVERSION = YES;
				CLANG_WARN_DIRECT_OBJC_ISA_USAGE = YES_ERROR;
				CLANG_WARN_EMPTY_BODY = YES;
				CLANG_WARN_ENUM_CONVERSION = YES;
				CLANG_WARN_INT_CONVERSION = YES;
				CLANG_WARN_OBJC_ROOT_CLASS = YES_ERROR;
				CLANG_WARN_UNREACHABLE_CODE = YES;
				CLANG_WARN__DUPLICATE_METHOD_MATCH = YES;
				"CODE_SIGN_IDENTITY[sdk=iphoneos*]" = "iPhone Developer";
				COPY_PHASE_STRIP = NO;
				DEBUG_INFORMATION_FORMAT = "dwarf-with-dsym";
				ENABLE_NS_ASSERTIONS = NO;
				ENABLE_STRICT_OBJC_MSGSEND = YES;
				GCC_C_LANGUAGE_STANDARD = gnu99;
				GCC_NO_COMMON_BLOCKS = YES;
				GCC_WARN_64_TO_32_BIT_CONVERSION = YES;
				GCC_WARN_ABOUT_RETURN_TYPE = YES_ERROR;
				GCC_WARN_UNDECLARED_SELECTOR = YES;
				GCC_WARN_UNINITIALIZED_AUTOS = YES_AGGRESSIVE;
				GCC_WARN_UNUSED_FUNCTION = YES;
				GCC_WARN_UNUSED_VARIABLE = YES;
				IPHONEOS_DEPLOYMENT_TARGET = 8.0;
				MTL_ENABLE_DEBUG_INFO = NO;
				SDKROOT = iphoneos;
				VALIDATE_PRODUCT = YES;
			};
			name = Release;
		};
		E3A0B5BF1C4DE0C200A147D7 /* Debug */ = {
			isa = XCBuildConfiguration;
			baseConfigurationReference = FE130C8C63EA21C7222D69F7 /* Pods.debug.xcconfig */;
			buildSettings = {
				ASSETCATALOG_COMPILER_APPICON_NAME = AppIcon;
				ASSETCATALOG_COMPILER_LAUNCHIMAGE_NAME = "Brand Assets";
				GCC_PREFIX_HEADER = MyTQTWeather/MyTQTWeather.pch;
				INFOPLIST_FILE = MyTQTWeather/Info.plist;
				LD_RUNPATH_SEARCH_PATHS = "$(inherited) @executable_path/Frameworks";
				PRODUCT_BUNDLE_IDENTIFIER = person.nick.MyTQTWeather;
				PRODUCT_NAME = "$(TARGET_NAME)";
			};
			name = Debug;
		};
		E3A0B5C01C4DE0C200A147D7 /* Release */ = {
			isa = XCBuildConfiguration;
			baseConfigurationReference = 797DE2CD8586550B4382E95C /* Pods.release.xcconfig */;
			buildSettings = {
				ASSETCATALOG_COMPILER_APPICON_NAME = AppIcon;
				ASSETCATALOG_COMPILER_LAUNCHIMAGE_NAME = "Brand Assets";
				GCC_PREFIX_HEADER = MyTQTWeather/MyTQTWeather.pch;
				INFOPLIST_FILE = MyTQTWeather/Info.plist;
				LD_RUNPATH_SEARCH_PATHS = "$(inherited) @executable_path/Frameworks";
				PRODUCT_BUNDLE_IDENTIFIER = person.nick.MyTQTWeather;
				PRODUCT_NAME = "$(TARGET_NAME)";
			};
			name = Release;
		};
		E3A0B5C21C4DE0C200A147D7 /* Debug */ = {
			isa = XCBuildConfiguration;
			buildSettings = {
				BUNDLE_LOADER = "$(TEST_HOST)";
				INFOPLIST_FILE = MyTQTWeatherTests/Info.plist;
				LD_RUNPATH_SEARCH_PATHS = "$(inherited) @executable_path/Frameworks @loader_path/Frameworks";
				PRODUCT_BUNDLE_IDENTIFIER = person.nick.MyTQTWeatherTests;
				PRODUCT_NAME = "$(TARGET_NAME)";
				TEST_HOST = "$(BUILT_PRODUCTS_DIR)/MyTQTWeather.app/MyTQTWeather";
			};
			name = Debug;
		};
		E3A0B5C31C4DE0C200A147D7 /* Release */ = {
			isa = XCBuildConfiguration;
			buildSettings = {
				BUNDLE_LOADER = "$(TEST_HOST)";
				INFOPLIST_FILE = MyTQTWeatherTests/Info.plist;
				LD_RUNPATH_SEARCH_PATHS = "$(inherited) @executable_path/Frameworks @loader_path/Frameworks";
				PRODUCT_BUNDLE_IDENTIFIER = person.nick.MyTQTWeatherTests;
				PRODUCT_NAME = "$(TARGET_NAME)";
				TEST_HOST = "$(BUILT_PRODUCTS_DIR)/MyTQTWeather.app/MyTQTWeather";
			};
			name = Release;
		};
		E3A0B5C51C4DE0C200A147D7 /* Debug */ = {
			isa = XCBuildConfiguration;
			buildSettings = {
				INFOPLIST_FILE = MyTQTWeatherUITests/Info.plist;
				LD_RUNPATH_SEARCH_PATHS = "$(inherited) @executable_path/Frameworks @loader_path/Frameworks";
				PRODUCT_BUNDLE_IDENTIFIER = person.nick.MyTQTWeatherUITests;
				PRODUCT_NAME = "$(TARGET_NAME)";
				TEST_TARGET_NAME = MyTQTWeather;
				USES_XCTRUNNER = YES;
			};
			name = Debug;
		};
		E3A0B5C61C4DE0C200A147D7 /* Release */ = {
			isa = XCBuildConfiguration;
			buildSettings = {
				INFOPLIST_FILE = MyTQTWeatherUITests/Info.plist;
				LD_RUNPATH_SEARCH_PATHS = "$(inherited) @executable_path/Frameworks @loader_path/Frameworks";
				PRODUCT_BUNDLE_IDENTIFIER = person.nick.MyTQTWeatherUITests;
				PRODUCT_NAME = "$(TARGET_NAME)";
				TEST_TARGET_NAME = MyTQTWeather;
				USES_XCTRUNNER = YES;
			};
			name = Release;
		};
/* End XCBuildConfiguration section */

/* Begin XCConfigurationList section */
		E3A0B58C1C4DE0C100A147D7 /* Build configuration list for PBXProject "MyTQTWeather" */ = {
			isa = XCConfigurationList;
			buildConfigurations = (
				E3A0B5BC1C4DE0C200A147D7 /* Debug */,
				E3A0B5BD1C4DE0C200A147D7 /* Release */,
			);
			defaultConfigurationIsVisible = 0;
			defaultConfigurationName = Release;
		};
		E3A0B5BE1C4DE0C200A147D7 /* Build configuration list for PBXNativeTarget "MyTQTWeather" */ = {
			isa = XCConfigurationList;
			buildConfigurations = (
				E3A0B5BF1C4DE0C200A147D7 /* Debug */,
				E3A0B5C01C4DE0C200A147D7 /* Release */,
			);
			defaultConfigurationIsVisible = 0;
			defaultConfigurationName = Release;
		};
		E3A0B5C11C4DE0C200A147D7 /* Build configuration list for PBXNativeTarget "MyTQTWeatherTests" */ = {
			isa = XCConfigurationList;
			buildConfigurations = (
				E3A0B5C21C4DE0C200A147D7 /* Debug */,
				E3A0B5C31C4DE0C200A147D7 /* Release */,
			);
			defaultConfigurationIsVisible = 0;
			defaultConfigurationName = Release;
		};
		E3A0B5C41C4DE0C200A147D7 /* Build configuration list for PBXNativeTarget "MyTQTWeatherUITests" */ = {
			isa = XCConfigurationList;
			buildConfigurations = (
				E3A0B5C51C4DE0C200A147D7 /* Debug */,
				E3A0B5C61C4DE0C200A147D7 /* Release */,
			);
			defaultConfigurationIsVisible = 0;
			defaultConfigurationName = Release;
		};
/* End XCConfigurationList section */
	};
	rootObject = E3A0B5891C4DE0C100A147D7 /* Project object */;
}
